github.com/aviate-labs/leb128 v0.3.0 h1:s9htRv3OYk8nuHqJu9PiVFJxv1jIUTIcpEeiURa91uQ=
github.com/aviate-labs/leb128 v0.3.0/go.mod h1:GclhBOjhIKmcDlgHKhj0AEZollzERfZUbcRUKiQVqgY=
github.com/aviate-labs/secp256k1 v0.0.0-5e6736a h1:aQkG/D+l8Y7tr809l8pN+KebH2jzacWReSFQmeEKFgM=
github.com/aviate-labs/secp256k1 v0.0.0-5e6736a/go.mod h1:C/lr3F9TimrVkdZckG5mz+VU0TrmpeyVKUjzv2YyGwA=
github.com/di-wu/parser v0.3.0 h1:NMOvy5ifswgt4gsdhySVcKOQtvjC43cHZIfViWctqQY=
github.com/di-wu/parser v0.3.0/go.mod h1:SLp58pW6WamdmznrVRrw2NTyn4wAvT9rrEFynKX7nYo=
github.com/fxamacker/cbor/v2 v2.6.0 h1:sU6J2usfADwWlYDAFhZBQ6TnLFBHxgesMrQfQgk1tWA=
github.com/fxamacker/cbor/v2 v2.6.0/go.mod h1:pxXPTn3joSm21Gbwsv0w9OSA2y1HFR9qXEeXQVeNoDQ=
github.com/google/go-cmp v0.5.5 h1:Khx7svrCpmxxtHBq5j2mp/xVjsi8hQMfNLvJFAlrGgU=
github.com/google/go-cmp v0.5.5/go.mod h1:v8dTdLbMG2kIc/vJvl+f65V22dbkXbowE6jgT/gNBxE=
github.com/herumi/bls-go-binary v1.34.0 h1:x1sKp8zzx+alvlifB+vbA0KkY0Pz4Br31cZ/saDkiFE=
github.com/herumi/bls-go-binary v1.34.0/go.mod h1:O4Vp1AfR4raRGwFeQpr9X/PQtncEicMoOe6BQt1oX0Y=
github.com/x448/float16 v0.8.4 h1:qLwI1I70+NjRFUR3zs1JPUCgaCXSh3SW62uAKT1mSBM=
github.com/x448/float16 v0.8.4/go.mod h1:14CWIYCyZA/cWjXOioeEpHeN/83MdbZDRQHoFcYsOfg=
golang.org/x/xerrors v0.0.0-20191204190536-9bdfabe68543 h1:E7g+9GITq07hpfrRu66IVDexMakfv52eLZ2CXBWiKr4=
golang.org/x/xerrors v0.0.0-20191204190536-9bdfabe68543/go.mod h1:I/5z698sn9Ka8TeJc9MKroUUfqBBauWjQqLJ2OPfmY0=
google.golang.org/protobuf v1.34.1 h1:9ddQBjfCyZPOHPUiPxpYESBLc+T8P3E+Vo4IbKZgFWg=
google.golang.org/protobuf v1.34.1/go.mod h1:c6P6GXX6sHbq/GpV6MGZEdwhWPcYBgnhAHhKbcUYpos=
