github.com/aviate-labs/bip32 v0.1.0 h1:ELu8TSpP6TxlF2ynoQCd67ZXIk3JFtomxU7/kqhkvj0=
github.com/aviate-labs/bip32 v0.1.0/go.mod h1:ht/F+qCYp6q41ohdHo507b/6BP8V1LS0SABC1g5Y8WI=
github.com/aviate-labs/bip39 v0.1.0 h1:nbcS3m/7oD0UMpV3DaUQp6hbVdcvqrjcox6/m772jy0=
github.com/aviate-labs/bip39 v0.1.0/go.mod h1:4awzhFLSSyvOnJy/f3yqGfTx4x/lbssBvfiNH1maSZ0=
github.com/aviate-labs/leb128 v0.3.0 h1:s9htRv3OYk8nuHqJu9PiVFJxv1jIUTIcpEeiURa91uQ=
github.com/aviate-labs/leb128 v0.3.0/go.mod h1:GclhBOjhIKmcDlgHKhj0AEZollzERfZUbcRUKiQVqgY=
github.com/aviate-labs/principal-go v0.2.0 h1:Xp5V9L90dCmOLsUjTwL96Yhrv4czOSyzMV8fzJunmuM=
github.com/aviate-labs/principal-go v0.2.0/go.mod h1:OhTpJAFmc7tau1Y8bvUXRzGIHHNSE3txMnMr/xe15R0=
github.com/aviate-labs/secp256k1 v0.0.0-20211014082924-c3fa52e81193/go.mod h1:C/lr3F9TimrVkdZckG5mz+VU0TrmpeyVKUjzv2YyGwA=
github.com/aviate-labs/secp256k1 v0.0.0-5e6736a h1:aQkG/D+l8Y7tr809l8pN+KebH2jzacWReSFQmeEKFgM=
github.com/aviate-labs/secp256k1 v0.0.0-5e6736a/go.mod h1:C/lr3F9TimrVkdZckG5mz+VU0TrmpeyVKUjzv2YyGwA=
github.com/fxamacker/cbor/v2 v2.3.0 h1:aM45YGMctNakddNNAezPxDUpv38j44Abh+hifNuqXik=
github.com/fxamacker/cbor/v2 v2.3.0/go.mod h1:TA1xS00nchWmaBnEIxPSE5oHLuJBAVvqrtAnWBwBCVo=
github.com/x448/float16 v0.8.4 h1:qLwI1I70+NjRFUR3zs1JPUCgaCXSh3SW62uAKT1mSBM=
github.com/x448/float16 v0.8.4/go.mod h1:14CWIYCyZA/cWjXOioeEpHeN/83MdbZDRQHoFcYsOfg=
golang.org/x/crypto v0.0.0-20210817164053-32db794688a5/go.mod h1:GvvjBRRGRdwPK5ydBHafDWAxML/pGHZbMvKqRZ5+Abc=
golang.org/x/crypto v0.0.0-20210921155107-089bfa567519 h1:7I4JAnoQBe7ZtJcBaYHi5UtiO8tQHbUSXxL+pnGRANg=
golang.org/x/crypto v0.0.0-20210921155107-089bfa567519/go.mod h1:GvvjBRRGRdwPK5ydBHafDWAxML/pGHZbMvKqRZ5+Abc=
golang.org/x/net v0.0.0-20210226172049-e18ecbb05110/go.mod h1:m0MpNAwzfU5UDzcl9v0D8zg8gWTRqZa9RBIspLL5mdg=
golang.org/x/sys v0.0.0-20201119102817-f84b799fce68/go.mod h1:h1NjWce9XRLGQEsW7wpKNCjG9DtNlClVuFLEZdDNbEs=
golang.org/x/sys v0.0.0-20210615035016-665e8c7367d1/go.mod h1:oPkhp1MJrh7nUepCBck5+mAzfO9JrbApNNgaTdGDITg=
golang.org/x/term v0.0.0-20201126162022-7de9c90e9dd1/go.mod h1:bj7SfCRtBDWHUb9snDiAeCFNEtKQo2Wmx5Cou7ajbmo=
golang.org/x/text v0.3.3/go.mod h1:5Zoc/QRtKVWzQhOtBMvqHzDpF6irO9z98xDceosuGiQ=
golang.org/x/tools v0.0.0-20180917221912-90fa682c2a6e/go.mod h1:n7NCudcB/nEzxVGmLbDWY5pfWTLqBcC2KZ6jyYvM4mQ=
